
Microsoft Visual Studio Solution File, Format Version 12.00
# Visual Studio 15
VisualStudioVersion = 15.0.26730.12
MinimumVisualStudioVersion = 10.0.40219.1
Project("{FAE04EC0-301F-11D3-BF4B-00C04F79EFBC}") = "Project2", "Project2\Project2.csproj", "{5DDCDAEA-40C0-4708-9E1E-A9661CA0FD2D}"
EndProject
Global
	GlobalSection(SolutionConfigurationPlatforms) = preSolution
		Debug|Any CPU = Debug|Any CPU
		Release|Any CPU = Release|Any CPU
	EndGlobalSection
	GlobalSection(ProjectConfigurationPlatforms) = postSolution
		{5DDCDAEA-40C0-4708-9E1E-A9661CA0FD2D}.Debug|Any CPU.ActiveCfg = Debug|Any CPU
		{5DDCDAEA-40C0-4708-9E1E-A9661CA0FD2D}.Debug|Any CPU.Build.0 = Debug|Any CPU
		{5DDCDAEA-40C0-4708-9E1E-A9661CA0FD2D}.Release|Any CPU.ActiveCfg = Release|Any CPU
		{5DDCDAEA-40C0-4708-9E1E-A9661CA0FD2D}.Release|Any CPU.Build.0 = Release|Any CPU
	EndGlobalSection
	GlobalSection(SolutionProperties) = preSolution
		HideSolutionNode = FALSE
	EndGlobalSection
	GlobalSection(ExtensibilityGlobals) = postSolution
		SolutionGuid = {6ED46D16-A998-4DA9-B2CF-5DE2996B2F19}
	EndGlobalSection
EndGlobal
